
Microsoft Visual Studio Solution File, Format Version 12.00
# Visual Studio Version 17
VisualStudioVersion = 17.1.32421.90
MinimumVisualStudioVersion = 10.0.40219.1
Project("{FAE04EC0-301F-11D3-BF4B-00C04F79EFBC}") = "Plasma-Custom-Nodes", "Plasma-Custom-Nodes\Plasma-Custom-Nodes.csproj", "{DAC6E1CD-B393-4270-BE70-41D358F81063}"
EndProject
Global
	GlobalSection(SolutionConfigurationPlatforms) = preSolution
		Debug|Any CPU = Debug|Any CPU
		Release|Any CPU = Release|Any CPU
	EndGlobalSection
	GlobalSection(ProjectConfigurationPlatforms) = postSolution
		{DAC6E1CD-B393-4270-BE70-41D358F81063}.Debug|Any CPU.ActiveCfg = Debug|Any CPU
		{DAC6E1CD-B393-4270-BE70-41D358F81063}.Debug|Any CPU.Build.0 = Debug|Any CPU
		{DAC6E1CD-B393-4270-BE70-41D358F81063}.Release|Any CPU.ActiveCfg = Release|Any CPU
		{DAC6E1CD-B393-4270-BE70-41D358F81063}.Release|Any CPU.Build.0 = Release|Any CPU
	EndGlobalSection
	GlobalSection(SolutionProperties) = preSolution
		HideSolutionNode = FALSE
	EndGlobalSection
	GlobalSection(ExtensibilityGlobals) = postSolution
		SolutionGuid = {A9605343-37B2-44E0-AC46-BF099A233C8E}
	EndGlobalSection
EndGlobal
